
Microsoft Visual Studio Solution File, Format Version 12.00
# Visual Studio 15
VisualStudioVersion = 15.0.28307.168
MinimumVisualStudioVersion = 10.0.40219.1
Project("{FAE04EC0-301F-11D3-BF4B-00C04F79EFBC}") = "DIP", "DIP\DIP.csproj", "{6CC8448A-93CD-42DF-AF04-72C08A87B686}"
EndProject
Global
	GlobalSection(SolutionConfigurationPlatforms) = preSolution
		Debug|Any CPU = Debug|Any CPU
		Release|Any CPU = Release|Any CPU
	EndGlobalSection
	GlobalSection(ProjectConfigurationPlatforms) = postSolution
		{6CC8448A-93CD-42DF-AF04-72C08A87B686}.Debug|Any CPU.ActiveCfg = Debug|Any CPU
		{6CC8448A-93CD-42DF-AF04-72C08A87B686}.Debug|Any CPU.Build.0 = Debug|Any CPU
		{6CC8448A-93CD-42DF-AF04-72C08A87B686}.Release|Any CPU.ActiveCfg = Release|Any CPU
		{6CC8448A-93CD-42DF-AF04-72C08A87B686}.Release|Any CPU.Build.0 = Release|Any CPU
	EndGlobalSection
	GlobalSection(SolutionProperties) = preSolution
		HideSolutionNode = FALSE
	EndGlobalSection
	GlobalSection(ExtensibilityGlobals) = postSolution
		SolutionGuid = {210AF8BA-7357-4817-A716-A29CBA522746}
	EndGlobalSection
EndGlobal
